
Microsoft Visual Studio Solution File, Format Version 12.00
# Visual Studio 15
VisualStudioVersion = 15.0.28307.572
MinimumVisualStudioVersion = 10.0.40219.1
Project("{9A19103F-16F7-4668-BE54-9A1E7A4F7556}") = "LearningCSharp", "LearningCSharp.csproj", "{BD880F72-4D4E-43D2-8D52-CA90DCF61D66}"
EndProject
Global
	GlobalSection(SolutionConfigurationPlatforms) = preSolution
		Debug|Any CPU = Debug|Any CPU
		Release|Any CPU = Release|Any CPU
	EndGlobalSection
	GlobalSection(ProjectConfigurationPlatforms) = postSolution
		{BD880F72-4D4E-43D2-8D52-CA90DCF61D66}.Debug|Any CPU.ActiveCfg = Debug|Any CPU
		{BD880F72-4D4E-43D2-8D52-CA90DCF61D66}.Debug|Any CPU.Build.0 = Debug|Any CPU
		{BD880F72-4D4E-43D2-8D52-CA90DCF61D66}.Release|Any CPU.ActiveCfg = Release|Any CPU
		{BD880F72-4D4E-43D2-8D52-CA90DCF61D66}.Release|Any CPU.Build.0 = Release|Any CPU
	EndGlobalSection
	GlobalSection(SolutionProperties) = preSolution
		HideSolutionNode = FALSE
	EndGlobalSection
	GlobalSection(ExtensibilityGlobals) = postSolution
		SolutionGuid = {4997BF4E-5298-4593-A486-F207F2B379C3}
	EndGlobalSection
EndGlobal
